
Microsoft Visual Studio Solution File, Format Version 12.00
# Visual Studio 15
VisualStudioVersion = 15.0.27428.2005
MinimumVisualStudioVersion = 10.0.40219.1
Project("{FAE04EC0-301F-11D3-BF4B-00C04F79EFBC}") = "CleverBox", "CleverBox\CleverBox.csproj", "{F2C97075-8CCC-4B79-B47B-214B1D46C6B1}"
EndProject
Global
	GlobalSection(SolutionConfigurationPlatforms) = preSolution
		Debug|Any CPU = Debug|Any CPU
		Release|Any CPU = Release|Any CPU
	EndGlobalSection
	GlobalSection(ProjectConfigurationPlatforms) = postSolution
		{F2C97075-8CCC-4B79-B47B-214B1D46C6B1}.Debug|Any CPU.ActiveCfg = Debug|Any CPU
		{F2C97075-8CCC-4B79-B47B-214B1D46C6B1}.Debug|Any CPU.Build.0 = Debug|Any CPU
		{F2C97075-8CCC-4B79-B47B-214B1D46C6B1}.Release|Any CPU.ActiveCfg = Release|Any CPU
		{F2C97075-8CCC-4B79-B47B-214B1D46C6B1}.Release|Any CPU.Build.0 = Release|Any CPU
	EndGlobalSection
	GlobalSection(SolutionProperties) = preSolution
		HideSolutionNode = FALSE
	EndGlobalSection
	GlobalSection(ExtensibilityGlobals) = postSolution
		SolutionGuid = {E18BC6E8-3F99-432A-9A0F-6E38560DE8B7}
	EndGlobalSection
EndGlobal
